// !$*UTF8*$!
{
	archiveVersion = 1;
	classes = {
	};
	objectVersion = 56;
	objects = {

/* Begin PBXBuildFile section */
		A42634712AD4BC6000548DAF /* AppDelegate.swift in Sources */ = {isa = PBXBuildFile; fileRef = A42634702AD4BC6000548DAF /* AppDelegate.swift */; };
		A42634732AD4BC6000548DAF /* SceneDelegate.swift in Sources */ = {isa = PBXBuildFile; fileRef = A42634722AD4BC6000548DAF /* SceneDelegate.swift */; };
		A42634752AD4BC6000548DAF /* ViewController.swift in Sources */ = {isa = PBXBuildFile; fileRef = A42634742AD4BC6000548DAF /* ViewController.swift */; };
		A42634782AD4BC6000548DAF /* Main.storyboard in Resources */ = {isa = PBXBuildFile; fileRef = A42634762AD4BC6000548DAF /* Main.storyboard */; };
		A426347A2AD4BC6100548DAF /* Assets.xcassets in Resources */ = {isa = PBXBuildFile; fileRef = A42634792AD4BC6100548DAF /* Assets.xcassets */; };
		A426347D2AD4BC6100548DAF /* LaunchScreen.storyboard in Resources */ = {isa = PBXBuildFile; fileRef = A426347B2AD4BC6100548DAF /* LaunchScreen.storyboard */; };
		A42634852AD4C00300548DAF /* GreyViewController.swift in Sources */ = {isa = PBXBuildFile; fileRef = A42634842AD4C00300548DAF /* GreyViewController.swift */; };
		A42634872AD4C03200548DAF /* OrangeViewController.swift in Sources */ = {isa = PBXBuildFile; fileRef = A42634862AD4C03200548DAF /* OrangeViewController.swift */; };
/* End PBXBuildFile section */

/* Begin PBXFileReference section */
		A426346D2AD4BC6000548DAF /* Lab5_MultiPageApp.app */ = {isa = PBXFileReference; explicitFileType = wrapper.application; includeInIndex = 0; path = Lab5_MultiPageApp.app; sourceTree = BUILT_PRODUCTS_DIR; };
		A42634702AD4BC6000548DAF /* AppDelegate.swift */ = {isa = PBXFileReference; lastKnownFileType = sourcecode.swift; path = AppDelegate.swift; sourceTree = "<group>"; };
		A42634722AD4BC6000548DAF /* SceneDelegate.swift */ = {isa = PBXFileReference; lastKnownFileType = sourcecode.swift; path = SceneDelegate.swift; sourceTree = "<group>"; };
		A42634742AD4BC6000548DAF /* ViewController.swift */ = {isa = PBXFileReference; lastKnownFileType = sourcecode.swift; path = ViewController.swift; sourceTree = "<group>"; };
		A42634772AD4BC6000548DAF /* Base */ = {isa = PBXFileReference; lastKnownFileType = file.storyboard; name = Base; path = Base.lproj/Main.storyboard; sourceTree = "<group>"; };
		A42634792AD4BC6100548DAF /* Assets.xcassets */ = {isa = PBXFileReference; lastKnownFileType = folder.assetcatalog; path = Assets.xcassets; sourceTree = "<group>"; };
		A426347C2AD4BC6100548DAF /* Base */ = {isa = PBXFileReference; lastKnownFileType = file.storyboard; name = Base; path = Base.lproj/LaunchScreen.storyboard; sourceTree = "<group>"; };
		A426347E2AD4BC6100548DAF /* Info.plist */ = {isa = PBXFileReference; lastKnownFileType = text.plist.xml; path = Info.plist; sourceTree = "<group>"; };
		A42634842AD4C00300548DAF /* GreyViewController.swift */ = {isa = PBXFileReference; lastKnownFileType = sourcecode.swift; path = GreyViewController.swift; sourceTree = "<group>"; };
		A42634862AD4C03200548DAF /* OrangeViewController.swift */ = {isa = PBXFileReference; lastKnownFileType = sourcecode.swift; path = OrangeViewController.swift; sourceTree = "<group>"; };
/* End PBXFileReference section */

/* Begin PBXFrameworksBuildPhase section */
		A426346A2AD4BC6000548DAF /* Frameworks */ = {
			isa = PBXFrameworksBuildPhase;
			buildActionMask = 2147483647;
			files = (
			);
			runOnlyForDeploymentPostprocessing = 0;
		};
/* End PBXFrameworksBuildPhase section */

/* Begin PBXGroup section */
		A42634642AD4BC5F00548DAF = {
			isa = PBXGroup;
			children = (
				A426346F2AD4BC6000548DAF /* Lab5_MultiPageApp */,
				A426346E2AD4BC6000548DAF /* Products */,
			);
			sourceTree = "<group>";
		};
		A426346E2AD4BC6000548DAF /* Products */ = {
			isa = PBXGroup;
			children = (
				A426346D2AD4BC6000548DAF /* Lab5_MultiPageApp.app */,
			);
			name = Products;
			sourceTree = "<group>";
		};
		A426346F2AD4BC6000548DAF /* Lab5_MultiPageApp */ = {
			isa = PBXGroup;
			children = (
				A42634702AD4BC6000548DAF /* AppDelegate.swift */,
				A42634722AD4BC6000548DAF /* SceneDelegate.swift */,
				A42634742AD4BC6000548DAF /* ViewController.swift */,
				A42634762AD4BC6000548DAF /* Main.storyboard */,
				A42634862AD4C03200548DAF /* OrangeViewController.swift */,
				A42634842AD4C00300548DAF /* GreyViewController.swift */,
				A42634792AD4BC6100548DAF /* Assets.xcassets */,
				A426347B2AD4BC6100548DAF /* LaunchScreen.storyboard */,
				A426347E2AD4BC6100548DAF /* Info.plist */,
			);
			path = Lab5_MultiPageApp;
			sourceTree = "<group>";
		};
/* End PBXGroup section */

/* Begin PBXNativeTarget section */
		A426346C2AD4BC6000548DAF /* Lab5_MultiPageApp */ = {
			isa = PBXNativeTarget;
			buildConfigurationList = A42634812AD4BC6100548DAF /* Build configuration list for PBXNativeTarget "Lab5_MultiPageApp" */;
			buildPhases = (
				A42634692AD4BC6000548DAF /* Sources */,
				A426346A2AD4BC6000548DAF /* Frameworks */,
				A426346B2AD4BC6000548DAF /* Resources */,
			);
			buildRules = (
			);
			dependencies = (
			);
			name = Lab5_MultiPageApp;
			productName = Lab5_MultiPageApp;
			productReference = A426346D2AD4BC6000548DAF /* Lab5_MultiPageApp.app */;
			productType = "com.apple.product-type.application";
		};
/* End PBXNativeTarget section */

/* Begin PBXProject section */
		A42634652AD4BC5F00548DAF /* Project object */ = {
			isa = PBXProject;
			attributes = {
				BuildIndependentTargetsInParallel = 1;
				LastSwiftUpdateCheck = 1420;
				LastUpgradeCheck = 1420;
				TargetAttributes = {
					A426346C2AD4BC6000548DAF = {
						CreatedOnToolsVersion = 14.2;
					};
				};
			};
			buildConfigurationList = A42634682AD4BC5F00548DAF /* Build configuration list for PBXProject "Lab5_MultiPageApp" */;
			compatibilityVersion = "Xcode 14.0";
			developmentRegion = en;
			hasScannedForEncodings = 0;
			knownRegions = (
				en,
				Base,
			);
			mainGroup = A42634642AD4BC5F00548DAF;
			productRefGroup = A426346E2AD4BC6000548DAF /* Products */;
			projectDirPath = "";
			projectRoot = "";
			targets = (
				A426346C2AD4BC6000548DAF /* Lab5_MultiPageApp */,
			);
		};
/* End PBXProject section */

/* Begin PBXResourcesBuildPhase section */
		A426346B2AD4BC6000548DAF /* Resources */ = {
			isa = PBXResourcesBuildPhase;
			buildActionMask = 2147483647;
			files = (
				A426347D2AD4BC6100548DAF /* LaunchScreen.storyboard in Resources */,
				A426347A2AD4BC6100548DAF /* Assets.xcassets in Resources */,
				A42634782AD4BC6000548DAF /* Main.storyboard in Resources */,
			);
			runOnlyForDeploymentPostprocessing = 0;
		};
/* End PBXResourcesBuildPhase section */

/* Begin PBXSourcesBuildPhase section */
		A42634692AD4BC6000548DAF /* Sources */ = {
			isa = PBXSourcesBuildPhase;
			buildActionMask = 2147483647;
			files = (
				A42634752AD4BC6000548DAF /* ViewController.swift in Sources */,
				A42634872AD4C03200548DAF /* OrangeViewController.swift in Sources */,
				A42634852AD4C00300548DAF /* GreyViewController.swift in Sources */,
				A42634712AD4BC6000548DAF /* AppDelegate.swift in Sources */,
				A42634732AD4BC6000548DAF /* SceneDelegate.swift in Sources */,
			);
			runOnlyForDeploymentPostprocessing = 0;
		};
/* End PBXSourcesBuildPhase section */

/* Begin PBXVariantGroup section */
		A42634762AD4BC6000548DAF /* Main.storyboard */ = {
			isa = PBXVariantGroup;
			children = (
				A42634772AD4BC6000548DAF /* Base */,
			);
			name = Main.storyboard;
			sourceTree = "<group>";
		};
		A426347B2AD4BC6100548DAF /* LaunchScreen.storyboard */ = {
			isa = PBXVariantGroup;
			children = (
				A426347C2AD4BC6100548DAF /* Base */,
			);
			name = LaunchScreen.storyboard;
			sourceTree = "<group>";
		};
/* End PBXVariantGroup section */

/* Begin XCBuildConfiguration section */
		A426347F2AD4BC6100548DAF /* Debug */ = {
			isa = XCBuildConfiguration;
			buildSettings = {
				ALWAYS_SEARCH_USER_PATHS = NO;
				CLANG_ANALYZER_NONNULL = YES;
				CLANG_ANALYZER_NUMBER_OBJECT_CONVERSION = YES_AGGRESSIVE;
				CLANG_CXX_LANGUAGE_STANDARD = "gnu++20";
				CLANG_ENABLE_MODULES = YES;
				CLANG_ENABLE_OBJC_ARC = YES;
				CLANG_ENABLE_OBJC_WEAK = YES;
				CLANG_WARN_BLOCK_CAPTURE_AUTORELEASING = YES;
				CLANG_WARN_BOOL_CONVERSION = YES;
				CLANG_WARN_COMMA = YES;
				CLANG_WARN_CONSTANT_CONVERSION = YES;
				CLANG_WARN_DEPRECATED_OBJC_IMPLEMENTATIONS = YES;
				CLANG_WARN_DIRECT_OBJC_ISA_USAGE = YES_ERROR;
				CLANG_WARN_DOCUMENTATION_COMMENTS = YES;
				CLANG_WARN_EMPTY_BODY = YES;
				CLANG_WARN_ENUM_CONVERSION = YES;
				CLANG_WARN_INFINITE_RECURSION = YES;
				CLANG_WARN_INT_CONVERSION = YES;
				CLANG_WARN_NON_LITERAL_NULL_CONVERSION = YES;
				CLANG_WARN_OBJC_IMPLICIT_RETAIN_SELF = YES;
				CLANG_WARN_OBJC_LITERAL_CONVERSION = YES;
				CLANG_WARN_OBJC_ROOT_CLASS = YES_ERROR;
				CLANG_WARN_QUOTED_INCLUDE_IN_FRAMEWORK_HEADER = YES;
				CLANG_WARN_RANGE_LOOP_ANALYSIS = YES;
				CLANG_WARN_STRICT_PROTOTYPES = YES;
				CLANG_WARN_SUSPICIOUS_MOVE = YES;
				CLANG_WARN_UNGUARDED_AVAILABILITY = YES_AGGRESSIVE;
				CLANG_WARN_UNREACHABLE_CODE = YES;
				CLANG_WARN__DUPLICATE_METHOD_MATCH = YES;
				COPY_PHASE_STRIP = NO;
				DEBUG_INFORMATION_FORMAT = dwarf;
				ENABLE_STRICT_OBJC_MSGSEND = YES;
				ENABLE_TESTABILITY = YES;
				GCC_C_LANGUAGE_STANDARD = gnu11;
				GCC_DYNAMIC_NO_PIC = NO;
				GCC_NO_COMMON_BLOCKS = YES;
				GCC_OPTIMIZATION_LEVEL = 0;
				GCC_PREPROCESSOR_DEFINITIONS = (
					"DEBUG=1",
					"$(inherited)",
				);
				GCC_WARN_64_TO_32_BIT_CONVERSION = YES;
				GCC_WARN_ABOUT_RETURN_TYPE = YES_ERROR;
				GCC_WARN_UNDECLARED_SELECTOR = YES;
				GCC_WARN_UNINITIALIZED_AUTOS = YES_AGGRESSIVE;
				GCC_WARN_UNUSED_FUNCTION = YES;
				GCC_WARN_UNUSED_VARIABLE = YES;
				IPHONEOS_DEPLOYMENT_TARGET = 16.2;
				MTL_ENABLE_DEBUG_INFO = INCLUDE_SOURCE;
				MTL_FAST_MATH = YES;
				ONLY_ACTIVE_ARCH = YES;
				SDKROOT = iphoneos;
				SWIFT_ACTIVE_COMPILATION_CONDITIONS = DEBUG;
				SWIFT_OPTIMIZATION_LEVEL = "-Onone";
			};
			name = Debug;
		};
		A42634802AD4BC6100548DAF /* Release */ = {
			isa = XCBuildConfiguration;
			buildSettings = {
				ALWAYS_SEARCH_USER_PATHS = NO;
				CLANG_ANALYZER_NONNULL = YES;
				CLANG_ANALYZER_NUMBER_OBJECT_CONVERSION = YES_AGGRESSIVE;
				CLANG_CXX_LANGUAGE_STANDARD = "gnu++20";
				CLANG_ENABLE_MODULES = YES;
				CLANG_ENABLE_OBJC_ARC = YES;
				CLANG_ENABLE_OBJC_WEAK = YES;
				CLANG_WARN_BLOCK_CAPTURE_AUTORELEASING = YES;
				CLANG_WARN_BOOL_CONVERSION = YES;
				CLANG_WARN_COMMA = YES;
				CLANG_WARN_CONSTANT_CONVERSION = YES;
				CLANG_WARN_DEPRECATED_OBJC_IMPLEMENTATIONS = YES;
				CLANG_WARN_DIRECT_OBJC_ISA_USAGE = YES_ERROR;
				CLANG_WARN_DOCUMENTATION_COMMENTS = YES;
				CLANG_WARN_EMPTY_BODY = YES;
				CLANG_WARN_ENUM_CONVERSION = YES;
				CLANG_WARN_INFINITE_RECURSION = YES;
				CLANG_WARN_INT_CONVERSION = YES;
				CLANG_WARN_NON_LITERAL_NULL_CONVERSION = YES;
				CLANG_WARN_OBJC_IMPLICIT_RETAIN_SELF = YES;
				CLANG_WARN_OBJC_LITERAL_CONVERSION = YES;
				CLANG_WARN_OBJC_ROOT_CLASS = YES_ERROR;
				CLANG_WARN_QUOTED_INCLUDE_IN_FRAMEWORK_HEADER = YES;
				CLANG_WARN_RANGE_LOOP_ANALYSIS = YES;
				CLANG_WARN_STRICT_PROTOTYPES = YES;
				CLANG_WARN_SUSPICIOUS_MOVE = YES;
				CLANG_WARN_UNGUARDED_AVAILABILITY = YES_AGGRESSIVE;
				CLANG_WARN_UNREACHABLE_CODE = YES;
				CLANG_WARN__DUPLICATE_METHOD_MATCH = YES;
				COPY_PHASE_STRIP = NO;
				DEBUG_INFORMATION_FORMAT = "dwarf-with-dsym";
				ENABLE_NS_ASSERTIONS = NO;
				ENABLE_STRICT_OBJC_MSGSEND = YES;
				GCC_C_LANGUAGE_STANDARD = gnu11;
				GCC_NO_COMMON_BLOCKS = YES;
				GCC_WARN_64_TO_32_BIT_CONVERSION = YES;
				GCC_WARN_ABOUT_RETURN_TYPE = YES_ERROR;
				GCC_WARN_UNDECLARED_SELECTOR = YES;
				GCC_WARN_UNINITIALIZED_AUTOS = YES_AGGRESSIVE;
				GCC_WARN_UNUSED_FUNCTION = YES;
				GCC_WARN_UNUSED_VARIABLE = YES;
				IPHONEOS_DEPLOYMENT_TARGET = 16.2;
				MTL_ENABLE_DEBUG_INFO = NO;
				MTL_FAST_MATH = YES;
				SDKROOT = iphoneos;
				SWIFT_COMPILATION_MODE = wholemodule;
				SWIFT_OPTIMIZATION_LEVEL = "-O";
				VALIDATE_PRODUCT = YES;
			};
			name = Release;
		};
		A42634822AD4BC6100548DAF /* Debug */ = {
			isa = XCBuildConfiguration;
			buildSettings = {
				ASSETCATALOG_COMPILER_APPICON_NAME = AppIcon;
				ASSETCATALOG_COMPILER_GLOBAL_ACCENT_COLOR_NAME = AccentColor;
				CODE_SIGN_STYLE = Automatic;
				CURRENT_PROJECT_VERSION = 1;
				GENERATE_INFOPLIST_FILE = YES;
				INFOPLIST_FILE = Lab5_MultiPageApp/Info.plist;
				INFOPLIST_KEY_UIApplicationSupportsIndirectInputEvents = YES;
				INFOPLIST_KEY_UILaunchStoryboardName = LaunchScreen;
				INFOPLIST_KEY_UIMainStoryboardFile = Main;
				INFOPLIST_KEY_UISupportedInterfaceOrientations = UIInterfaceOrientationPortrait;
				LD_RUNPATH_SEARCH_PATHS = (
					"$(inherited)",
					"@executable_path/Frameworks",
				);
				MARKETING_VERSION = 1.0;
				PRODUCT_BUNDLE_IDENTIFIER = "com.conestoga.Lab5-MultiPageApp";
				PRODUCT_NAME = "$(TARGET_NAME)";
				SWIFT_EMIT_LOC_STRINGS = YES;
				SWIFT_VERSION = 5.0;
				TARGETED_DEVICE_FAMILY = "1,2";
			};
			name = Debug;
		};
		A42634832AD4BC6100548DAF /* Release */ = {
			isa = XCBuildConfiguration;
			buildSettings = {
				ASSETCATALOG_COMPILER_APPICON_NAME = AppIcon;
				ASSETCATALOG_COMPILER_GLOBAL_ACCENT_COLOR_NAME = AccentColor;
				CODE_SIGN_STYLE = Automatic;
				CURRENT_PROJECT_VERSION = 1;
				GENERATE_INFOPLIST_FILE = YES;
				INFOPLIST_FILE = Lab5_MultiPageApp/Info.plist;
				INFOPLIST_KEY_UIApplicationSupportsIndirectInputEvents = YES;
				INFOPLIST_KEY_UILaunchStoryboardName = LaunchScreen;
				INFOPLIST_KEY_UIMainStoryboardFile = Main;
				INFOPLIST_KEY_UISupportedInterfaceOrientations = UIInterfaceOrientationPortrait;
				LD_RUNPATH_SEARCH_PATHS = (
					"$(inherited)",
					"@executable_path/Frameworks",
				);
				MARKETING_VERSION = 1.0;
				PRODUCT_BUNDLE_IDENTIFIER = "com.conestoga.Lab5-MultiPageApp";
				PRODUCT_NAME = "$(TARGET_NAME)";
				SWIFT_EMIT_LOC_STRINGS = YES;
				SWIFT_VERSION = 5.0;
				TARGETED_DEVICE_FAMILY = "1,2";
			};
			name = Release;
		};
/* End XCBuildConfiguration section */

/* Begin XCConfigurationList section */
		A42634682AD4BC5F00548DAF /* Build configuration list for PBXProject "Lab5_MultiPageApp" */ = {
			isa = XCConfigurationList;
			buildConfigurations = (
				A426347F2AD4BC6100548DAF /* Debug */,
				A42634802AD4BC6100548DAF /* Release */,
			);
			defaultConfigurationIsVisible = 0;
			defaultConfigurationName = Release;
		};
		A42634812AD4BC6100548DAF /* Build configuration list for PBXNativeTarget "Lab5_MultiPageApp" */ = {
			isa = XCConfigurationList;
			buildConfigurations = (
				A42634822AD4BC6100548DAF /* Debug */,
				A42634832AD4BC6100548DAF /* Release */,
			);
			defaultConfigurationIsVisible = 0;
			defaultConfigurationName = Release;
		};
/* End XCConfigurationList section */
	};
	rootObject = A42634652AD4BC5F00548DAF /* Project object */;
}
